
Microsoft Visual Studio Solution File, Format Version 12.00
# Visual Studio Version 17
VisualStudioVersion = 17.7.34221.43
MinimumVisualStudioVersion = 10.0.40219.1
Project("{9A19103F-16F7-4668-BE54-9A1E7A4F7556}") = "EducationlPlatform", "EducationlPlatform\EducationlPlatform.csproj", "{92BC1475-55B1-41BB-B9CE-48ABFD2C3AD0}"
EndProject
Project("{FAE04EC0-301F-11D3-BF4B-00C04F79EFBC}") = "EduConsummer", "EduConsummer\EduConsummer.csproj", "{CE17D555-FFC8-45A9-A1C7-29739EFF12EA}"
EndProject
Global
	GlobalSection(SolutionConfigurationPlatforms) = preSolution
		Debug|Any CPU = Debug|Any CPU
		Release|Any CPU = Release|Any CPU
	EndGlobalSection
	GlobalSection(ProjectConfigurationPlatforms) = postSolution
		{92BC1475-55B1-41BB-B9CE-48ABFD2C3AD0}.Debug|Any CPU.ActiveCfg = Debug|Any CPU
		{92BC1475-55B1-41BB-B9CE-48ABFD2C3AD0}.Debug|Any CPU.Build.0 = Debug|Any CPU
		{92BC1475-55B1-41BB-B9CE-48ABFD2C3AD0}.Release|Any CPU.ActiveCfg = Release|Any CPU
		{92BC1475-55B1-41BB-B9CE-48ABFD2C3AD0}.Release|Any CPU.Build.0 = Release|Any CPU
		{CE17D555-FFC8-45A9-A1C7-29739EFF12EA}.Debug|Any CPU.ActiveCfg = Debug|Any CPU
		{CE17D555-FFC8-45A9-A1C7-29739EFF12EA}.Debug|Any CPU.Build.0 = Debug|Any CPU
		{CE17D555-FFC8-45A9-A1C7-29739EFF12EA}.Release|Any CPU.ActiveCfg = Release|Any CPU
		{CE17D555-FFC8-45A9-A1C7-29739EFF12EA}.Release|Any CPU.Build.0 = Release|Any CPU
	EndGlobalSection
	GlobalSection(SolutionProperties) = preSolution
		HideSolutionNode = FALSE
	EndGlobalSection
	GlobalSection(ExtensibilityGlobals) = postSolution
		SolutionGuid = {AA02B4D9-0D4C-414E-8825-A1FCFEB0A2FE}
	EndGlobalSection
EndGlobal
